// !$*UTF8*$!
{
	archiveVersion = 1;
	classes = {
	};
	objectVersion = 50;
	objects = {

/* Begin PBXBuildFile section */
		BE0851A52487B4BD006E9D82 /* AppDelegate.swift in Sources */ = {isa = PBXBuildFile; fileRef = BE0851A42487B4BD006E9D82 /* AppDelegate.swift */; };
		BE0851A72487B4BD006E9D82 /* SceneDelegate.swift in Sources */ = {isa = PBXBuildFile; fileRef = BE0851A62487B4BD006E9D82 /* SceneDelegate.swift */; };
		BE0851AE2487B4BE006E9D82 /* Assets.xcassets in Resources */ = {isa = PBXBuildFile; fileRef = BE0851AD2487B4BE006E9D82 /* Assets.xcassets */; };
		BE0851B12487B4BE006E9D82 /* LaunchScreen.storyboard in Resources */ = {isa = PBXBuildFile; fileRef = BE0851AF2487B4BE006E9D82 /* LaunchScreen.storyboard */; };
		BE0851BC2487B4BE006E9D82 /* ProductExplorerTests.swift in Sources */ = {isa = PBXBuildFile; fileRef = BE0851BB2487B4BE006E9D82 /* ProductExplorerTests.swift */; };
/* End PBXBuildFile section */

/* Begin PBXContainerItemProxy section */
		BE0851B82487B4BE006E9D82 /* PBXContainerItemProxy */ = {
			isa = PBXContainerItemProxy;
			containerPortal = BE0851992487B4BD006E9D82 /* Project object */;
			proxyType = 1;
			remoteGlobalIDString = BE0851A02487B4BD006E9D82;
			remoteInfo = ProductExplorer;
		};
/* End PBXContainerItemProxy section */

/* Begin PBXFileReference section */
		BE0851A12487B4BD006E9D82 /* ProductExplorer.app */ = {isa = PBXFileReference; explicitFileType = wrapper.application; includeInIndex = 0; path = ProductExplorer.app; sourceTree = BUILT_PRODUCTS_DIR; };
		BE0851A42487B4BD006E9D82 /* AppDelegate.swift */ = {isa = PBXFileReference; lastKnownFileType = sourcecode.swift; path = AppDelegate.swift; sourceTree = "<group>"; };
		BE0851A62487B4BD006E9D82 /* SceneDelegate.swift */ = {isa = PBXFileReference; lastKnownFileType = sourcecode.swift; path = SceneDelegate.swift; sourceTree = "<group>"; };
		BE0851AD2487B4BE006E9D82 /* Assets.xcassets */ = {isa = PBXFileReference; lastKnownFileType = folder.assetcatalog; path = Assets.xcassets; sourceTree = "<group>"; };
		BE0851B02487B4BE006E9D82 /* Base */ = {isa = PBXFileReference; lastKnownFileType = file.storyboard; name = Base; path = Base.lproj/LaunchScreen.storyboard; sourceTree = "<group>"; };
		BE0851B22487B4BE006E9D82 /* Info.plist */ = {isa = PBXFileReference; lastKnownFileType = text.plist.xml; path = Info.plist; sourceTree = "<group>"; };
		BE0851B72487B4BE006E9D82 /* ProductExplorerTests.xctest */ = {isa = PBXFileReference; explicitFileType = wrapper.cfbundle; includeInIndex = 0; path = ProductExplorerTests.xctest; sourceTree = BUILT_PRODUCTS_DIR; };
		BE0851BB2487B4BE006E9D82 /* ProductExplorerTests.swift */ = {isa = PBXFileReference; lastKnownFileType = sourcecode.swift; path = ProductExplorerTests.swift; sourceTree = "<group>"; };
		BE0851BD2487B4BE006E9D82 /* Info.plist */ = {isa = PBXFileReference; lastKnownFileType = text.plist.xml; path = Info.plist; sourceTree = "<group>"; };
/* End PBXFileReference section */

/* Begin PBXFrameworksBuildPhase section */
		BE08519E2487B4BD006E9D82 /* Frameworks */ = {
			isa = PBXFrameworksBuildPhase;
			buildActionMask = 2147483647;
			files = (
			);
			runOnlyForDeploymentPostprocessing = 0;
		};
		BE0851B42487B4BE006E9D82 /* Frameworks */ = {
			isa = PBXFrameworksBuildPhase;
			buildActionMask = 2147483647;
			files = (
			);
			runOnlyForDeploymentPostprocessing = 0;
		};
/* End PBXFrameworksBuildPhase section */

/* Begin PBXGroup section */
		BE0851982487B4BD006E9D82 = {
			isa = PBXGroup;
			children = (
				BE0851A32487B4BD006E9D82 /* ProductExplorer */,
				BE0851BA2487B4BE006E9D82 /* ProductExplorerTests */,
				BE0851A22487B4BD006E9D82 /* Products */,
			);
			sourceTree = "<group>";
		};
		BE0851A22487B4BD006E9D82 /* Products */ = {
			isa = PBXGroup;
			children = (
				BE0851A12487B4BD006E9D82 /* ProductExplorer.app */,
				BE0851B72487B4BE006E9D82 /* ProductExplorerTests.xctest */,
			);
			name = Products;
			sourceTree = "<group>";
		};
		BE0851A32487B4BD006E9D82 /* ProductExplorer */ = {
			isa = PBXGroup;
			children = (
				BE0851C72487B54A006E9D82 /* ApplicationSetup */,
				BE0851C62487B510006E9D82 /* Resources */,
			);
			path = ProductExplorer;
			sourceTree = "<group>";
		};
		BE0851BA2487B4BE006E9D82 /* ProductExplorerTests */ = {
			isa = PBXGroup;
			children = (
				BE0851BB2487B4BE006E9D82 /* ProductExplorerTests.swift */,
				BE0851BD2487B4BE006E9D82 /* Info.plist */,
			);
			path = ProductExplorerTests;
			sourceTree = "<group>";
		};
		BE0851C62487B510006E9D82 /* Resources */ = {
			isa = PBXGroup;
			children = (
				BE0851AD2487B4BE006E9D82 /* Assets.xcassets */,
				BE0851AF2487B4BE006E9D82 /* LaunchScreen.storyboard */,
			);
			path = Resources;
			sourceTree = "<group>";
		};
		BE0851C72487B54A006E9D82 /* ApplicationSetup */ = {
			isa = PBXGroup;
			children = (
				BE0851A42487B4BD006E9D82 /* AppDelegate.swift */,
				BE0851A62487B4BD006E9D82 /* SceneDelegate.swift */,
				BE0851B22487B4BE006E9D82 /* Info.plist */,
			);
			path = ApplicationSetup;
			sourceTree = "<group>";
		};
/* End PBXGroup section */

/* Begin PBXNativeTarget section */
		BE0851A02487B4BD006E9D82 /* ProductExplorer */ = {
			isa = PBXNativeTarget;
			buildConfigurationList = BE0851C02487B4BE006E9D82 /* Build configuration list for PBXNativeTarget "ProductExplorer" */;
			buildPhases = (
				BE08519D2487B4BD006E9D82 /* Sources */,
				BE08519E2487B4BD006E9D82 /* Frameworks */,
				BE08519F2487B4BD006E9D82 /* Resources */,
			);
			buildRules = (
			);
			dependencies = (
			);
			name = ProductExplorer;
			productName = ProductExplorer;
			productReference = BE0851A12487B4BD006E9D82 /* ProductExplorer.app */;
			productType = "com.apple.product-type.application";
		};
		BE0851B62487B4BE006E9D82 /* ProductExplorerTests */ = {
			isa = PBXNativeTarget;
			buildConfigurationList = BE0851C32487B4BE006E9D82 /* Build configuration list for PBXNativeTarget "ProductExplorerTests" */;
			buildPhases = (
				BE0851B32487B4BE006E9D82 /* Sources */,
				BE0851B42487B4BE006E9D82 /* Frameworks */,
				BE0851B52487B4BE006E9D82 /* Resources */,
			);
			buildRules = (
			);
			dependencies = (
				BE0851B92487B4BE006E9D82 /* PBXTargetDependency */,
			);
			name = ProductExplorerTests;
			productName = ProductExplorerTests;
			productReference = BE0851B72487B4BE006E9D82 /* ProductExplorerTests.xctest */;
			productType = "com.apple.product-type.bundle.unit-test";
		};
/* End PBXNativeTarget section */

/* Begin PBXProject section */
		BE0851992487B4BD006E9D82 /* Project object */ = {
			isa = PBXProject;
			attributes = {
				LastSwiftUpdateCheck = 1150;
				LastUpgradeCheck = 1150;
				ORGANIZATIONNAME = hr147;
				TargetAttributes = {
					BE0851A02487B4BD006E9D82 = {
						CreatedOnToolsVersion = 11.5;
					};
					BE0851B62487B4BE006E9D82 = {
						CreatedOnToolsVersion = 11.5;
						TestTargetID = BE0851A02487B4BD006E9D82;
					};
				};
			};
			buildConfigurationList = BE08519C2487B4BD006E9D82 /* Build configuration list for PBXProject "ProductExplorer" */;
			compatibilityVersion = "Xcode 9.3";
			developmentRegion = en;
			hasScannedForEncodings = 0;
			knownRegions = (
				en,
				Base,
			);
			mainGroup = BE0851982487B4BD006E9D82;
			productRefGroup = BE0851A22487B4BD006E9D82 /* Products */;
			projectDirPath = "";
			projectRoot = "";
			targets = (
				BE0851A02487B4BD006E9D82 /* ProductExplorer */,
				BE0851B62487B4BE006E9D82 /* ProductExplorerTests */,
			);
		};
/* End PBXProject section */

/* Begin PBXResourcesBuildPhase section */
		BE08519F2487B4BD006E9D82 /* Resources */ = {
			isa = PBXResourcesBuildPhase;
			buildActionMask = 2147483647;
			files = (
				BE0851B12487B4BE006E9D82 /* LaunchScreen.storyboard in Resources */,
				BE0851AE2487B4BE006E9D82 /* Assets.xcassets in Resources */,
			);
			runOnlyForDeploymentPostprocessing = 0;
		};
		BE0851B52487B4BE006E9D82 /* Resources */ = {
			isa = PBXResourcesBuildPhase;
			buildActionMask = 2147483647;
			files = (
			);
			runOnlyForDeploymentPostprocessing = 0;
		};
/* End PBXResourcesBuildPhase section */

/* Begin PBXSourcesBuildPhase section */
		BE08519D2487B4BD006E9D82 /* Sources */ = {
			isa = PBXSourcesBuildPhase;
			buildActionMask = 2147483647;
			files = (
				BE0851A52487B4BD006E9D82 /* AppDelegate.swift in Sources */,
				BE0851A72487B4BD006E9D82 /* SceneDelegate.swift in Sources */,
			);
			runOnlyForDeploymentPostprocessing = 0;
		};
		BE0851B32487B4BE006E9D82 /* Sources */ = {
			isa = PBXSourcesBuildPhase;
			buildActionMask = 2147483647;
			files = (
				BE0851BC2487B4BE006E9D82 /* ProductExplorerTests.swift in Sources */,
			);
			runOnlyForDeploymentPostprocessing = 0;
		};
/* End PBXSourcesBuildPhase section */

/* Begin PBXTargetDependency section */
		BE0851B92487B4BE006E9D82 /* PBXTargetDependency */ = {
			isa = PBXTargetDependency;
			target = BE0851A02487B4BD006E9D82 /* ProductExplorer */;
			targetProxy = BE0851B82487B4BE006E9D82 /* PBXContainerItemProxy */;
		};
/* End PBXTargetDependency section */

/* Begin PBXVariantGroup section */
		BE0851AF2487B4BE006E9D82 /* LaunchScreen.storyboard */ = {
			isa = PBXVariantGroup;
			children = (
				BE0851B02487B4BE006E9D82 /* Base */,
			);
			name = LaunchScreen.storyboard;
			sourceTree = "<group>";
		};
/* End PBXVariantGroup section */

/* Begin XCBuildConfiguration section */
		BE0851BE2487B4BE006E9D82 /* Debug */ = {
			isa = XCBuildConfiguration;
			buildSettings = {
				ALWAYS_SEARCH_USER_PATHS = NO;
				CLANG_ANALYZER_NONNULL = YES;
				CLANG_ANALYZER_NUMBER_OBJECT_CONVERSION = YES_AGGRESSIVE;
				CLANG_CXX_LANGUAGE_STANDARD = "gnu++14";
				CLANG_CXX_LIBRARY = "libc++";
				CLANG_ENABLE_MODULES = YES;
				CLANG_ENABLE_OBJC_ARC = YES;
				CLANG_ENABLE_OBJC_WEAK = YES;
				CLANG_WARN_BLOCK_CAPTURE_AUTORELEASING = YES;
				CLANG_WARN_BOOL_CONVERSION = YES;
				CLANG_WARN_COMMA = YES;
				CLANG_WARN_CONSTANT_CONVERSION = YES;
				CLANG_WARN_DEPRECATED_OBJC_IMPLEMENTATIONS = YES;
				CLANG_WARN_DIRECT_OBJC_ISA_USAGE = YES_ERROR;
				CLANG_WARN_DOCUMENTATION_COMMENTS = YES;
				CLANG_WARN_EMPTY_BODY = YES;
				CLANG_WARN_ENUM_CONVERSION = YES;
				CLANG_WARN_INFINITE_RECURSION = YES;
				CLANG_WARN_INT_CONVERSION = YES;
				CLANG_WARN_NON_LITERAL_NULL_CONVERSION = YES;
				CLANG_WARN_OBJC_IMPLICIT_RETAIN_SELF = YES;
				CLANG_WARN_OBJC_LITERAL_CONVERSION = YES;
				CLANG_WARN_OBJC_ROOT_CLASS = YES_ERROR;
				CLANG_WARN_RANGE_LOOP_ANALYSIS = YES;
				CLANG_WARN_STRICT_PROTOTYPES = YES;
				CLANG_WARN_SUSPICIOUS_MOVE = YES;
				CLANG_WARN_UNGUARDED_AVAILABILITY = YES_AGGRESSIVE;
				CLANG_WARN_UNREACHABLE_CODE = YES;
				CLANG_WARN__DUPLICATE_METHOD_MATCH = YES;
				COPY_PHASE_STRIP = NO;
				DEBUG_INFORMATION_FORMAT = dwarf;
				ENABLE_STRICT_OBJC_MSGSEND = YES;
				ENABLE_TESTABILITY = YES;
				GCC_C_LANGUAGE_STANDARD = gnu11;
				GCC_DYNAMIC_NO_PIC = NO;
				GCC_NO_COMMON_BLOCKS = YES;
				GCC_OPTIMIZATION_LEVEL = 0;
				GCC_PREPROCESSOR_DEFINITIONS = (
					"DEBUG=1",
					"$(inherited)",
				);
				GCC_WARN_64_TO_32_BIT_CONVERSION = YES;
				GCC_WARN_ABOUT_RETURN_TYPE = YES_ERROR;
				GCC_WARN_UNDECLARED_SELECTOR = YES;
				GCC_WARN_UNINITIALIZED_AUTOS = YES_AGGRESSIVE;
				GCC_WARN_UNUSED_FUNCTION = YES;
				GCC_WARN_UNUSED_VARIABLE = YES;
				IPHONEOS_DEPLOYMENT_TARGET = 13.5;
				MTL_ENABLE_DEBUG_INFO = INCLUDE_SOURCE;
				MTL_FAST_MATH = YES;
				ONLY_ACTIVE_ARCH = YES;
				SDKROOT = iphoneos;
				SWIFT_ACTIVE_COMPILATION_CONDITIONS = DEBUG;
				SWIFT_OPTIMIZATION_LEVEL = "-Onone";
			};
			name = Debug;
		};
		BE0851BF2487B4BE006E9D82 /* Release */ = {
			isa = XCBuildConfiguration;
			buildSettings = {
				ALWAYS_SEARCH_USER_PATHS = NO;
				CLANG_ANALYZER_NONNULL = YES;
				CLANG_ANALYZER_NUMBER_OBJECT_CONVERSION = YES_AGGRESSIVE;
				CLANG_CXX_LANGUAGE_STANDARD = "gnu++14";
				CLANG_CXX_LIBRARY = "libc++";
				CLANG_ENABLE_MODULES = YES;
				CLANG_ENABLE_OBJC_ARC = YES;
				CLANG_ENABLE_OBJC_WEAK = YES;
				CLANG_WARN_BLOCK_CAPTURE_AUTORELEASING = YES;
				CLANG_WARN_BOOL_CONVERSION = YES;
				CLANG_WARN_COMMA = YES;
				CLANG_WARN_CONSTANT_CONVERSION = YES;
				CLANG_WARN_DEPRECATED_OBJC_IMPLEMENTATIONS = YES;
				CLANG_WARN_DIRECT_OBJC_ISA_USAGE = YES_ERROR;
				CLANG_WARN_DOCUMENTATION_COMMENTS = YES;
				CLANG_WARN_EMPTY_BODY = YES;
				CLANG_WARN_ENUM_CONVERSION = YES;
				CLANG_WARN_INFINITE_RECURSION = YES;
				CLANG_WARN_INT_CONVERSION = YES;
				CLANG_WARN_NON_LITERAL_NULL_CONVERSION = YES;
				CLANG_WARN_OBJC_IMPLICIT_RETAIN_SELF = YES;
				CLANG_WARN_OBJC_LITERAL_CONVERSION = YES;
				CLANG_WARN_OBJC_ROOT_CLASS = YES_ERROR;
				CLANG_WARN_RANGE_LOOP_ANALYSIS = YES;
				CLANG_WARN_STRICT_PROTOTYPES = YES;
				CLANG_WARN_SUSPICIOUS_MOVE = YES;
				CLANG_WARN_UNGUARDED_AVAILABILITY = YES_AGGRESSIVE;
				CLANG_WARN_UNREACHABLE_CODE = YES;
				CLANG_WARN__DUPLICATE_METHOD_MATCH = YES;
				COPY_PHASE_STRIP = NO;
				DEBUG_INFORMATION_FORMAT = "dwarf-with-dsym";
				ENABLE_NS_ASSERTIONS = NO;
				ENABLE_STRICT_OBJC_MSGSEND = YES;
				GCC_C_LANGUAGE_STANDARD = gnu11;
				GCC_NO_COMMON_BLOCKS = YES;
				GCC_WARN_64_TO_32_BIT_CONVERSION = YES;
				GCC_WARN_ABOUT_RETURN_TYPE = YES_ERROR;
				GCC_WARN_UNDECLARED_SELECTOR = YES;
				GCC_WARN_UNINITIALIZED_AUTOS = YES_AGGRESSIVE;
				GCC_WARN_UNUSED_FUNCTION = YES;
				GCC_WARN_UNUSED_VARIABLE = YES;
				IPHONEOS_DEPLOYMENT_TARGET = 13.5;
				MTL_ENABLE_DEBUG_INFO = NO;
				MTL_FAST_MATH = YES;
				SDKROOT = iphoneos;
				SWIFT_COMPILATION_MODE = wholemodule;
				SWIFT_OPTIMIZATION_LEVEL = "-O";
				VALIDATE_PRODUCT = YES;
			};
			name = Release;
		};
		BE0851C12487B4BE006E9D82 /* Debug */ = {
			isa = XCBuildConfiguration;
			buildSettings = {
				ASSETCATALOG_COMPILER_APPICON_NAME = AppIcon;
				CODE_SIGN_STYLE = Automatic;
				INFOPLIST_FILE = ProductExplorer/ApplicationSetup/Info.plist;
				IPHONEOS_DEPLOYMENT_TARGET = 13.0;
				LD_RUNPATH_SEARCH_PATHS = (
					"$(inherited)",
					"@executable_path/Frameworks",
				);
				PRODUCT_BUNDLE_IDENTIFIER = com.hr147.ProductExplorer;
				PRODUCT_NAME = "$(TARGET_NAME)";
				SWIFT_VERSION = 5.0;
				TARGETED_DEVICE_FAMILY = 1;
			};
			name = Debug;
		};
		BE0851C22487B4BE006E9D82 /* Release */ = {
			isa = XCBuildConfiguration;
			buildSettings = {
				ASSETCATALOG_COMPILER_APPICON_NAME = AppIcon;
				CODE_SIGN_STYLE = Automatic;
				INFOPLIST_FILE = ProductExplorer/ApplicationSetup/Info.plist;
				IPHONEOS_DEPLOYMENT_TARGET = 13.0;
				LD_RUNPATH_SEARCH_PATHS = (
					"$(inherited)",
					"@executable_path/Frameworks",
				);
				PRODUCT_BUNDLE_IDENTIFIER = com.hr147.ProductExplorer;
				PRODUCT_NAME = "$(TARGET_NAME)";
				SWIFT_VERSION = 5.0;
				TARGETED_DEVICE_FAMILY = 1;
			};
			name = Release;
		};
		BE0851C42487B4BE006E9D82 /* Debug */ = {
			isa = XCBuildConfiguration;
			buildSettings = {
				ALWAYS_EMBED_SWIFT_STANDARD_LIBRARIES = YES;
				BUNDLE_LOADER = "$(TEST_HOST)";
				CODE_SIGN_STYLE = Automatic;
				INFOPLIST_FILE = ProductExplorerTests/Info.plist;
				IPHONEOS_DEPLOYMENT_TARGET = 13.5;
				LD_RUNPATH_SEARCH_PATHS = (
					"$(inherited)",
					"@executable_path/Frameworks",
					"@loader_path/Frameworks",
				);
				PRODUCT_BUNDLE_IDENTIFIER = com.hr147.ProductExplorerTests;
				PRODUCT_NAME = "$(TARGET_NAME)";
				SWIFT_VERSION = 5.0;
				TARGETED_DEVICE_FAMILY = "1,2";
				TEST_HOST = "$(BUILT_PRODUCTS_DIR)/ProductExplorer.app/ProductExplorer";
			};
			name = Debug;
		};
		BE0851C52487B4BE006E9D82 /* Release */ = {
			isa = XCBuildConfiguration;
			buildSettings = {
				ALWAYS_EMBED_SWIFT_STANDARD_LIBRARIES = YES;
				BUNDLE_LOADER = "$(TEST_HOST)";
				CODE_SIGN_STYLE = Automatic;
				INFOPLIST_FILE = ProductExplorerTests/Info.plist;
				IPHONEOS_DEPLOYMENT_TARGET = 13.5;
				LD_RUNPATH_SEARCH_PATHS = (
					"$(inherited)",
					"@executable_path/Frameworks",
					"@loader_path/Frameworks",
				);
				PRODUCT_BUNDLE_IDENTIFIER = com.hr147.ProductExplorerTests;
				PRODUCT_NAME = "$(TARGET_NAME)";
				SWIFT_VERSION = 5.0;
				TARGETED_DEVICE_FAMILY = "1,2";
				TEST_HOST = "$(BUILT_PRODUCTS_DIR)/ProductExplorer.app/ProductExplorer";
			};
			name = Release;
		};
/* End XCBuildConfiguration section */

/* Begin XCConfigurationList section */
		BE08519C2487B4BD006E9D82 /* Build configuration list for PBXProject "ProductExplorer" */ = {
			isa = XCConfigurationList;
			buildConfigurations = (
				BE0851BE2487B4BE006E9D82 /* Debug */,
				BE0851BF2487B4BE006E9D82 /* Release */,
			);
			defaultConfigurationIsVisible = 0;
			defaultConfigurationName = Release;
		};
		BE0851C02487B4BE006E9D82 /* Build configuration list for PBXNativeTarget "ProductExplorer" */ = {
			isa = XCConfigurationList;
			buildConfigurations = (
				BE0851C12487B4BE006E9D82 /* Debug */,
				BE0851C22487B4BE006E9D82 /* Release */,
			);
			defaultConfigurationIsVisible = 0;
			defaultConfigurationName = Release;
		};
		BE0851C32487B4BE006E9D82 /* Build configuration list for PBXNativeTarget "ProductExplorerTests" */ = {
			isa = XCConfigurationList;
			buildConfigurations = (
				BE0851C42487B4BE006E9D82 /* Debug */,
				BE0851C52487B4BE006E9D82 /* Release */,
			);
			defaultConfigurationIsVisible = 0;
			defaultConfigurationName = Release;
		};
/* End XCConfigurationList section */
	};
	rootObject = BE0851992487B4BD006E9D82 /* Project object */;
}
